
Microsoft Visual Studio Solution File, Format Version 12.00
# Visual Studio Version 16
VisualStudioVersion = 16.0.31613.86
MinimumVisualStudioVersion = 10.0.40219.1
Project("{FAE04EC0-301F-11D3-BF4B-00C04F79EFBC}") = "Unlock Pattern II", "Unlock Pattern II.csproj", "{8BB315CB-5977-4F4C-8FE3-31BD8DE8E8E9}"
EndProject
Global
	GlobalSection(SolutionConfigurationPlatforms) = preSolution
		Debug|Any CPU = Debug|Any CPU
		Release|Any CPU = Release|Any CPU
	EndGlobalSection
	GlobalSection(ProjectConfigurationPlatforms) = postSolution
		{8BB315CB-5977-4F4C-8FE3-31BD8DE8E8E9}.Debug|Any CPU.ActiveCfg = Debug|Any CPU
		{8BB315CB-5977-4F4C-8FE3-31BD8DE8E8E9}.Debug|Any CPU.Build.0 = Debug|Any CPU
		{8BB315CB-5977-4F4C-8FE3-31BD8DE8E8E9}.Release|Any CPU.ActiveCfg = Release|Any CPU
		{8BB315CB-5977-4F4C-8FE3-31BD8DE8E8E9}.Release|Any CPU.Build.0 = Release|Any CPU
	EndGlobalSection
	GlobalSection(SolutionProperties) = preSolution
		HideSolutionNode = FALSE
	EndGlobalSection
	GlobalSection(ExtensibilityGlobals) = postSolution
		SolutionGuid = {2FBC15BA-C16C-4988-9D97-FC29F636BA56}
	EndGlobalSection
EndGlobal
